// !$*UTF8*$!
{
	archiveVersion = 1;
	classes = {
	};
	objectVersion = 46;
	objects = {

/* Begin PBXBuildFile section */
		FAFE5B481D5C5EC3005B787B /* AppDelegate.swift in Sources */ = {isa = PBXBuildFile; fileRef = FAFE5B471D5C5EC3005B787B /* AppDelegate.swift */; };
		FAFE5B4A1D5C5EC3005B787B /* ViewController.swift in Sources */ = {isa = PBXBuildFile; fileRef = FAFE5B491D5C5EC3005B787B /* ViewController.swift */; };
		FAFE5B4D1D5C5EC3005B787B /* Main.storyboard in Resources */ = {isa = PBXBuildFile; fileRef = FAFE5B4B1D5C5EC3005B787B /* Main.storyboard */; };
		FAFE5B4F1D5C5EC3005B787B /* Assets.xcassets in Resources */ = {isa = PBXBuildFile; fileRef = FAFE5B4E1D5C5EC3005B787B /* Assets.xcassets */; };
		FAFE5B521D5C5EC3005B787B /* LaunchScreen.storyboard in Resources */ = {isa = PBXBuildFile; fileRef = FAFE5B501D5C5EC3005B787B /* LaunchScreen.storyboard */; };
		FAFE5B5D1D5C5EC3005B787B /* DownloaderFileTests.swift in Sources */ = {isa = PBXBuildFile; fileRef = FAFE5B5C1D5C5EC3005B787B /* DownloaderFileTests.swift */; };
		FAFE5B681D5C5EC3005B787B /* DownloaderFileUITests.swift in Sources */ = {isa = PBXBuildFile; fileRef = FAFE5B671D5C5EC3005B787B /* DownloaderFileUITests.swift */; };
		FAFE5B781D5C7F9E005B787B /* SecondView.swift in Sources */ = {isa = PBXBuildFile; fileRef = FAFE5B771D5C7F9E005B787B /* SecondView.swift */; };
/* End PBXBuildFile section */

/* Begin PBXContainerItemProxy section */
		FAFE5B591D5C5EC3005B787B /* PBXContainerItemProxy */ = {
			isa = PBXContainerItemProxy;
			containerPortal = FAFE5B3C1D5C5EC3005B787B /* Project object */;
			proxyType = 1;
			remoteGlobalIDString = FAFE5B431D5C5EC3005B787B;
			remoteInfo = DownloaderFile;
		};
		FAFE5B641D5C5EC3005B787B /* PBXContainerItemProxy */ = {
			isa = PBXContainerItemProxy;
			containerPortal = FAFE5B3C1D5C5EC3005B787B /* Project object */;
			proxyType = 1;
			remoteGlobalIDString = FAFE5B431D5C5EC3005B787B;
			remoteInfo = DownloaderFile;
		};
/* End PBXContainerItemProxy section */

/* Begin PBXFileReference section */
		FAFE5B441D5C5EC3005B787B /* DownloaderFile.app */ = {isa = PBXFileReference; explicitFileType = wrapper.application; includeInIndex = 0; path = DownloaderFile.app; sourceTree = BUILT_PRODUCTS_DIR; };
		FAFE5B471D5C5EC3005B787B /* AppDelegate.swift */ = {isa = PBXFileReference; lastKnownFileType = sourcecode.swift; path = AppDelegate.swift; sourceTree = "<group>"; };
		FAFE5B491D5C5EC3005B787B /* ViewController.swift */ = {isa = PBXFileReference; lastKnownFileType = sourcecode.swift; path = ViewController.swift; sourceTree = "<group>"; };
		FAFE5B4C1D5C5EC3005B787B /* Base */ = {isa = PBXFileReference; lastKnownFileType = file.storyboard; name = Base; path = Base.lproj/Main.storyboard; sourceTree = "<group>"; };
		FAFE5B4E1D5C5EC3005B787B /* Assets.xcassets */ = {isa = PBXFileReference; lastKnownFileType = folder.assetcatalog; path = Assets.xcassets; sourceTree = "<group>"; };
		FAFE5B511D5C5EC3005B787B /* Base */ = {isa = PBXFileReference; lastKnownFileType = file.storyboard; name = Base; path = Base.lproj/LaunchScreen.storyboard; sourceTree = "<group>"; };
		FAFE5B531D5C5EC3005B787B /* Info.plist */ = {isa = PBXFileReference; lastKnownFileType = text.plist.xml; path = Info.plist; sourceTree = "<group>"; };
		FAFE5B581D5C5EC3005B787B /* DownloaderFileTests.xctest */ = {isa = PBXFileReference; explicitFileType = wrapper.cfbundle; includeInIndex = 0; path = DownloaderFileTests.xctest; sourceTree = BUILT_PRODUCTS_DIR; };
		FAFE5B5C1D5C5EC3005B787B /* DownloaderFileTests.swift */ = {isa = PBXFileReference; lastKnownFileType = sourcecode.swift; path = DownloaderFileTests.swift; sourceTree = "<group>"; };
		FAFE5B5E1D5C5EC3005B787B /* Info.plist */ = {isa = PBXFileReference; lastKnownFileType = text.plist.xml; path = Info.plist; sourceTree = "<group>"; };
		FAFE5B631D5C5EC3005B787B /* DownloaderFileUITests.xctest */ = {isa = PBXFileReference; explicitFileType = wrapper.cfbundle; includeInIndex = 0; path = DownloaderFileUITests.xctest; sourceTree = BUILT_PRODUCTS_DIR; };
		FAFE5B671D5C5EC3005B787B /* DownloaderFileUITests.swift */ = {isa = PBXFileReference; lastKnownFileType = sourcecode.swift; path = DownloaderFileUITests.swift; sourceTree = "<group>"; };
		FAFE5B691D5C5EC3005B787B /* Info.plist */ = {isa = PBXFileReference; lastKnownFileType = text.plist.xml; path = Info.plist; sourceTree = "<group>"; };
		FAFE5B771D5C7F9E005B787B /* SecondView.swift */ = {isa = PBXFileReference; fileEncoding = 4; lastKnownFileType = sourcecode.swift; path = SecondView.swift; sourceTree = "<group>"; };
/* End PBXFileReference section */

/* Begin PBXFrameworksBuildPhase section */
		FAFE5B411D5C5EC3005B787B /* Frameworks */ = {
			isa = PBXFrameworksBuildPhase;
			buildActionMask = 2147483647;
			files = (
			);
			runOnlyForDeploymentPostprocessing = 0;
		};
		FAFE5B551D5C5EC3005B787B /* Frameworks */ = {
			isa = PBXFrameworksBuildPhase;
			buildActionMask = 2147483647;
			files = (
			);
			runOnlyForDeploymentPostprocessing = 0;
		};
		FAFE5B601D5C5EC3005B787B /* Frameworks */ = {
			isa = PBXFrameworksBuildPhase;
			buildActionMask = 2147483647;
			files = (
			);
			runOnlyForDeploymentPostprocessing = 0;
		};
/* End PBXFrameworksBuildPhase section */

/* Begin PBXGroup section */
		FAFE5B3B1D5C5EC3005B787B = {
			isa = PBXGroup;
			children = (
				FAFE5B461D5C5EC3005B787B /* DownloaderFile */,
				FAFE5B5B1D5C5EC3005B787B /* DownloaderFileTests */,
				FAFE5B661D5C5EC3005B787B /* DownloaderFileUITests */,
				FAFE5B451D5C5EC3005B787B /* Products */,
			);
			sourceTree = "<group>";
		};
		FAFE5B451D5C5EC3005B787B /* Products */ = {
			isa = PBXGroup;
			children = (
				FAFE5B441D5C5EC3005B787B /* DownloaderFile.app */,
				FAFE5B581D5C5EC3005B787B /* DownloaderFileTests.xctest */,
				FAFE5B631D5C5EC3005B787B /* DownloaderFileUITests.xctest */,
			);
			name = Products;
			sourceTree = "<group>";
		};
		FAFE5B461D5C5EC3005B787B /* DownloaderFile */ = {
			isa = PBXGroup;
			children = (
				FAFE5B471D5C5EC3005B787B /* AppDelegate.swift */,
				FAFE5B491D5C5EC3005B787B /* ViewController.swift */,
				FAFE5B771D5C7F9E005B787B /* SecondView.swift */,
				FAFE5B4B1D5C5EC3005B787B /* Main.storyboard */,
				FAFE5B4E1D5C5EC3005B787B /* Assets.xcassets */,
				FAFE5B501D5C5EC3005B787B /* LaunchScreen.storyboard */,
				FAFE5B531D5C5EC3005B787B /* Info.plist */,
			);
			path = DownloaderFile;
			sourceTree = "<group>";
		};
		FAFE5B5B1D5C5EC3005B787B /* DownloaderFileTests */ = {
			isa = PBXGroup;
			children = (
				FAFE5B5C1D5C5EC3005B787B /* DownloaderFileTests.swift */,
				FAFE5B5E1D5C5EC3005B787B /* Info.plist */,
			);
			path = DownloaderFileTests;
			sourceTree = "<group>";
		};
		FAFE5B661D5C5EC3005B787B /* DownloaderFileUITests */ = {
			isa = PBXGroup;
			children = (
				FAFE5B671D5C5EC3005B787B /* DownloaderFileUITests.swift */,
				FAFE5B691D5C5EC3005B787B /* Info.plist */,
			);
			path = DownloaderFileUITests;
			sourceTree = "<group>";
		};
/* End PBXGroup section */

/* Begin PBXNativeTarget section */
		FAFE5B431D5C5EC3005B787B /* DownloaderFile */ = {
			isa = PBXNativeTarget;
			buildConfigurationList = FAFE5B6C1D5C5EC3005B787B /* Build configuration list for PBXNativeTarget "DownloaderFile" */;
			buildPhases = (
				FAFE5B401D5C5EC3005B787B /* Sources */,
				FAFE5B411D5C5EC3005B787B /* Frameworks */,
				FAFE5B421D5C5EC3005B787B /* Resources */,
			);
			buildRules = (
			);
			dependencies = (
			);
			name = DownloaderFile;
			productName = DownloaderFile;
			productReference = FAFE5B441D5C5EC3005B787B /* DownloaderFile.app */;
			productType = "com.apple.product-type.application";
		};
		FAFE5B571D5C5EC3005B787B /* DownloaderFileTests */ = {
			isa = PBXNativeTarget;
			buildConfigurationList = FAFE5B6F1D5C5EC3005B787B /* Build configuration list for PBXNativeTarget "DownloaderFileTests" */;
			buildPhases = (
				FAFE5B541D5C5EC3005B787B /* Sources */,
				FAFE5B551D5C5EC3005B787B /* Frameworks */,
				FAFE5B561D5C5EC3005B787B /* Resources */,
			);
			buildRules = (
			);
			dependencies = (
				FAFE5B5A1D5C5EC3005B787B /* PBXTargetDependency */,
			);
			name = DownloaderFileTests;
			productName = DownloaderFileTests;
			productReference = FAFE5B581D5C5EC3005B787B /* DownloaderFileTests.xctest */;
			productType = "com.apple.product-type.bundle.unit-test";
		};
		FAFE5B621D5C5EC3005B787B /* DownloaderFileUITests */ = {
			isa = PBXNativeTarget;
			buildConfigurationList = FAFE5B721D5C5EC3005B787B /* Build configuration list for PBXNativeTarget "DownloaderFileUITests" */;
			buildPhases = (
				FAFE5B5F1D5C5EC3005B787B /* Sources */,
				FAFE5B601D5C5EC3005B787B /* Frameworks */,
				FAFE5B611D5C5EC3005B787B /* Resources */,
			);
			buildRules = (
			);
			dependencies = (
				FAFE5B651D5C5EC3005B787B /* PBXTargetDependency */,
			);
			name = DownloaderFileUITests;
			productName = DownloaderFileUITests;
			productReference = FAFE5B631D5C5EC3005B787B /* DownloaderFileUITests.xctest */;
			productType = "com.apple.product-type.bundle.ui-testing";
		};
/* End PBXNativeTarget section */

/* Begin PBXProject section */
		FAFE5B3C1D5C5EC3005B787B /* Project object */ = {
			isa = PBXProject;
			attributes = {
				LastSwiftUpdateCheck = 0730;
				LastUpgradeCheck = 0730;
				ORGANIZATIONNAME = "Agam Mahajan";
				TargetAttributes = {
					FAFE5B431D5C5EC3005B787B = {
						CreatedOnToolsVersion = 7.3.1;
					};
					FAFE5B571D5C5EC3005B787B = {
						CreatedOnToolsVersion = 7.3.1;
						TestTargetID = FAFE5B431D5C5EC3005B787B;
					};
					FAFE5B621D5C5EC3005B787B = {
						CreatedOnToolsVersion = 7.3.1;
						TestTargetID = FAFE5B431D5C5EC3005B787B;
					};
				};
			};
			buildConfigurationList = FAFE5B3F1D5C5EC3005B787B /* Build configuration list for PBXProject "DownloaderFile" */;
			compatibilityVersion = "Xcode 3.2";
			developmentRegion = English;
			hasScannedForEncodings = 0;
			knownRegions = (
				en,
				Base,
			);
			mainGroup = FAFE5B3B1D5C5EC3005B787B;
			productRefGroup = FAFE5B451D5C5EC3005B787B /* Products */;
			projectDirPath = "";
			projectRoot = "";
			targets = (
				FAFE5B431D5C5EC3005B787B /* DownloaderFile */,
				FAFE5B571D5C5EC3005B787B /* DownloaderFileTests */,
				FAFE5B621D5C5EC3005B787B /* DownloaderFileUITests */,
			);
		};
/* End PBXProject section */

/* Begin PBXResourcesBuildPhase section */
		FAFE5B421D5C5EC3005B787B /* Resources */ = {
			isa = PBXResourcesBuildPhase;
			buildActionMask = 2147483647;
			files = (
				FAFE5B521D5C5EC3005B787B /* LaunchScreen.storyboard in Resources */,
				FAFE5B4F1D5C5EC3005B787B /* Assets.xcassets in Resources */,
				FAFE5B4D1D5C5EC3005B787B /* Main.storyboard in Resources */,
			);
			runOnlyForDeploymentPostprocessing = 0;
		};
		FAFE5B561D5C5EC3005B787B /* Resources */ = {
			isa = PBXResourcesBuildPhase;
			buildActionMask = 2147483647;
			files = (
			);
			runOnlyForDeploymentPostprocessing = 0;
		};
		FAFE5B611D5C5EC3005B787B /* Resources */ = {
			isa = PBXResourcesBuildPhase;
			buildActionMask = 2147483647;
			files = (
			);
			runOnlyForDeploymentPostprocessing = 0;
		};
/* End PBXResourcesBuildPhase section */

/* Begin PBXSourcesBuildPhase section */
		FAFE5B401D5C5EC3005B787B /* Sources */ = {
			isa = PBXSourcesBuildPhase;
			buildActionMask = 2147483647;
			files = (
				FAFE5B781D5C7F9E005B787B /* SecondView.swift in Sources */,
				FAFE5B4A1D5C5EC3005B787B /* ViewController.swift in Sources */,
				FAFE5B481D5C5EC3005B787B /* AppDelegate.swift in Sources */,
			);
			runOnlyForDeploymentPostprocessing = 0;
		};
		FAFE5B541D5C5EC3005B787B /* Sources */ = {
			isa = PBXSourcesBuildPhase;
			buildActionMask = 2147483647;
			files = (
				FAFE5B5D1D5C5EC3005B787B /* DownloaderFileTests.swift in Sources */,
			);
			runOnlyForDeploymentPostprocessing = 0;
		};
		FAFE5B5F1D5C5EC3005B787B /* Sources */ = {
			isa = PBXSourcesBuildPhase;
			buildActionMask = 2147483647;
			files = (
				FAFE5B681D5C5EC3005B787B /* DownloaderFileUITests.swift in Sources */,
			);
			runOnlyForDeploymentPostprocessing = 0;
		};
/* End PBXSourcesBuildPhase section */

/* Begin PBXTargetDependency section */
		FAFE5B5A1D5C5EC3005B787B /* PBXTargetDependency */ = {
			isa = PBXTargetDependency;
			target = FAFE5B431D5C5EC3005B787B /* DownloaderFile */;
			targetProxy = FAFE5B591D5C5EC3005B787B /* PBXContainerItemProxy */;
		};
		FAFE5B651D5C5EC3005B787B /* PBXTargetDependency */ = {
			isa = PBXTargetDependency;
			target = FAFE5B431D5C5EC3005B787B /* DownloaderFile */;
			targetProxy = FAFE5B641D5C5EC3005B787B /* PBXContainerItemProxy */;
		};
/* End PBXTargetDependency section */

/* Begin PBXVariantGroup section */
		FAFE5B4B1D5C5EC3005B787B /* Main.storyboard */ = {
			isa = PBXVariantGroup;
			children = (
				FAFE5B4C1D5C5EC3005B787B /* Base */,
			);
			name = Main.storyboard;
			sourceTree = "<group>";
		};
		FAFE5B501D5C5EC3005B787B /* LaunchScreen.storyboard */ = {
			isa = PBXVariantGroup;
			children = (
				FAFE5B511D5C5EC3005B787B /* Base */,
			);
			name = LaunchScreen.storyboard;
			sourceTree = "<group>";
		};
/* End PBXVariantGroup section */

/* Begin XCBuildConfiguration section */
		FAFE5B6A1D5C5EC3005B787B /* Debug */ = {
			isa = XCBuildConfiguration;
			buildSettings = {
				ALWAYS_SEARCH_USER_PATHS = NO;
				CLANG_ANALYZER_NONNULL = YES;
				CLANG_CXX_LANGUAGE_STANDARD = "gnu++0x";
				CLANG_CXX_LIBRARY = "libc++";
				CLANG_ENABLE_MODULES = YES;
				CLANG_ENABLE_OBJC_ARC = YES;
				CLANG_WARN_BOOL_CONVERSION = YES;
				CLANG_WARN_CONSTANT_CONVERSION = YES;
				CLANG_WARN_DIRECT_OBJC_ISA_USAGE = YES_ERROR;
				CLANG_WARN_EMPTY_BODY = YES;
				CLANG_WARN_ENUM_CONVERSION = YES;
				CLANG_WARN_INT_CONVERSION = YES;
				CLANG_WARN_OBJC_ROOT_CLASS = YES_ERROR;
				CLANG_WARN_UNREACHABLE_CODE = YES;
				CLANG_WARN__DUPLICATE_METHOD_MATCH = YES;
				"CODE_SIGN_IDENTITY[sdk=iphoneos*]" = "iPhone Developer";
				COPY_PHASE_STRIP = NO;
				DEBUG_INFORMATION_FORMAT = dwarf;
				ENABLE_STRICT_OBJC_MSGSEND = YES;
				ENABLE_TESTABILITY = YES;
				GCC_C_LANGUAGE_STANDARD = gnu99;
				GCC_DYNAMIC_NO_PIC = NO;
				GCC_NO_COMMON_BLOCKS = YES;
				GCC_OPTIMIZATION_LEVEL = 0;
				GCC_PREPROCESSOR_DEFINITIONS = (
					"DEBUG=1",
					"$(inherited)",
				);
				GCC_WARN_64_TO_32_BIT_CONVERSION = YES;
				GCC_WARN_ABOUT_RETURN_TYPE = YES_ERROR;
				GCC_WARN_UNDECLARED_SELECTOR = YES;
				GCC_WARN_UNINITIALIZED_AUTOS = YES_AGGRESSIVE;
				GCC_WARN_UNUSED_FUNCTION = YES;
				GCC_WARN_UNUSED_VARIABLE = YES;
				IPHONEOS_DEPLOYMENT_TARGET = 9.3;
				MTL_ENABLE_DEBUG_INFO = YES;
				ONLY_ACTIVE_ARCH = YES;
				SDKROOT = iphoneos;
				SWIFT_OPTIMIZATION_LEVEL = "-Onone";
				TARGETED_DEVICE_FAMILY = "1,2";
			};
			name = Debug;
		};
		FAFE5B6B1D5C5EC3005B787B /* Release */ = {
			isa = XCBuildConfiguration;
			buildSettings = {
				ALWAYS_SEARCH_USER_PATHS = NO;
				CLANG_ANALYZER_NONNULL = YES;
				CLANG_CXX_LANGUAGE_STANDARD = "gnu++0x";
				CLANG_CXX_LIBRARY = "libc++";
				CLANG_ENABLE_MODULES = YES;
				CLANG_ENABLE_OBJC_ARC = YES;
				CLANG_WARN_BOOL_CONVERSION = YES;
				CLANG_WARN_CONSTANT_CONVERSION = YES;
				CLANG_WARN_DIRECT_OBJC_ISA_USAGE = YES_ERROR;
				CLANG_WARN_EMPTY_BODY = YES;
				CLANG_WARN_ENUM_CONVERSION = YES;
				CLANG_WARN_INT_CONVERSION = YES;
				CLANG_WARN_OBJC_ROOT_CLASS = YES_ERROR;
				CLANG_WARN_UNREACHABLE_CODE = YES;
				CLANG_WARN__DUPLICATE_METHOD_MATCH = YES;
				"CODE_SIGN_IDENTITY[sdk=iphoneos*]" = "iPhone Developer";
				COPY_PHASE_STRIP = NO;
				DEBUG_INFORMATION_FORMAT = "dwarf-with-dsym";
				ENABLE_NS_ASSERTIONS = NO;
				ENABLE_STRICT_OBJC_MSGSEND = YES;
				GCC_C_LANGUAGE_STANDARD = gnu99;
				GCC_NO_COMMON_BLOCKS = YES;
				GCC_WARN_64_TO_32_BIT_CONVERSION = YES;
				GCC_WARN_ABOUT_RETURN_TYPE = YES_ERROR;
				GCC_WARN_UNDECLARED_SELECTOR = YES;
				GCC_WARN_UNINITIALIZED_AUTOS = YES_AGGRESSIVE;
				GCC_WARN_UNUSED_FUNCTION = YES;
				GCC_WARN_UNUSED_VARIABLE = YES;
				IPHONEOS_DEPLOYMENT_TARGET = 9.3;
				MTL_ENABLE_DEBUG_INFO = NO;
				SDKROOT = iphoneos;
				TARGETED_DEVICE_FAMILY = "1,2";
				VALIDATE_PRODUCT = YES;
			};
			name = Release;
		};
		FAFE5B6D1D5C5EC3005B787B /* Debug */ = {
			isa = XCBuildConfiguration;
			buildSettings = {
				ASSETCATALOG_COMPILER_APPICON_NAME = AppIcon;
				INFOPLIST_FILE = DownloaderFile/Info.plist;
				LD_RUNPATH_SEARCH_PATHS = "$(inherited) @executable_path/Frameworks";
				PRODUCT_BUNDLE_IDENTIFIER = agam.DownloaderFile;
				PRODUCT_NAME = "$(TARGET_NAME)";
			};
			name = Debug;
		};
		FAFE5B6E1D5C5EC3005B787B /* Release */ = {
			isa = XCBuildConfiguration;
			buildSettings = {
				ASSETCATALOG_COMPILER_APPICON_NAME = AppIcon;
				INFOPLIST_FILE = DownloaderFile/Info.plist;
				LD_RUNPATH_SEARCH_PATHS = "$(inherited) @executable_path/Frameworks";
				PRODUCT_BUNDLE_IDENTIFIER = agam.DownloaderFile;
				PRODUCT_NAME = "$(TARGET_NAME)";
			};
			name = Release;
		};
		FAFE5B701D5C5EC3005B787B /* Debug */ = {
			isa = XCBuildConfiguration;
			buildSettings = {
				BUNDLE_LOADER = "$(TEST_HOST)";
				INFOPLIST_FILE = DownloaderFileTests/Info.plist;
				LD_RUNPATH_SEARCH_PATHS = "$(inherited) @executable_path/Frameworks @loader_path/Frameworks";
				PRODUCT_BUNDLE_IDENTIFIER = agam.DownloaderFileTests;
				PRODUCT_NAME = "$(TARGET_NAME)";
				TEST_HOST = "$(BUILT_PRODUCTS_DIR)/DownloaderFile.app/DownloaderFile";
			};
			name = Debug;
		};
		FAFE5B711D5C5EC3005B787B /* Release */ = {
			isa = XCBuildConfiguration;
			buildSettings = {
				BUNDLE_LOADER = "$(TEST_HOST)";
				INFOPLIST_FILE = DownloaderFileTests/Info.plist;
				LD_RUNPATH_SEARCH_PATHS = "$(inherited) @executable_path/Frameworks @loader_path/Frameworks";
				PRODUCT_BUNDLE_IDENTIFIER = agam.DownloaderFileTests;
				PRODUCT_NAME = "$(TARGET_NAME)";
				TEST_HOST = "$(BUILT_PRODUCTS_DIR)/DownloaderFile.app/DownloaderFile";
			};
			name = Release;
		};
		FAFE5B731D5C5EC3005B787B /* Debug */ = {
			isa = XCBuildConfiguration;
			buildSettings = {
				INFOPLIST_FILE = DownloaderFileUITests/Info.plist;
				LD_RUNPATH_SEARCH_PATHS = "$(inherited) @executable_path/Frameworks @loader_path/Frameworks";
				PRODUCT_BUNDLE_IDENTIFIER = agam.DownloaderFileUITests;
				PRODUCT_NAME = "$(TARGET_NAME)";
				TEST_TARGET_NAME = DownloaderFile;
			};
			name = Debug;
		};
		FAFE5B741D5C5EC3005B787B /* Release */ = {
			isa = XCBuildConfiguration;
			buildSettings = {
				INFOPLIST_FILE = DownloaderFileUITests/Info.plist;
				LD_RUNPATH_SEARCH_PATHS = "$(inherited) @executable_path/Frameworks @loader_path/Frameworks";
				PRODUCT_BUNDLE_IDENTIFIER = agam.DownloaderFileUITests;
				PRODUCT_NAME = "$(TARGET_NAME)";
				TEST_TARGET_NAME = DownloaderFile;
			};
			name = Release;
		};
/* End XCBuildConfiguration section */

/* Begin XCConfigurationList section */
		FAFE5B3F1D5C5EC3005B787B /* Build configuration list for PBXProject "DownloaderFile" */ = {
			isa = XCConfigurationList;
			buildConfigurations = (
				FAFE5B6A1D5C5EC3005B787B /* Debug */,
				FAFE5B6B1D5C5EC3005B787B /* Release */,
			);
			defaultConfigurationIsVisible = 0;
			defaultConfigurationName = Release;
		};
		FAFE5B6C1D5C5EC3005B787B /* Build configuration list for PBXNativeTarget "DownloaderFile" */ = {
			isa = XCConfigurationList;
			buildConfigurations = (
				FAFE5B6D1D5C5EC3005B787B /* Debug */,
				FAFE5B6E1D5C5EC3005B787B /* Release */,
			);
			defaultConfigurationIsVisible = 0;
		};
		FAFE5B6F1D5C5EC3005B787B /* Build configuration list for PBXNativeTarget "DownloaderFileTests" */ = {
			isa = XCConfigurationList;
			buildConfigurations = (
				FAFE5B701D5C5EC3005B787B /* Debug */,
				FAFE5B711D5C5EC3005B787B /* Release */,
			);
			defaultConfigurationIsVisible = 0;
		};
		FAFE5B721D5C5EC3005B787B /* Build configuration list for PBXNativeTarget "DownloaderFileUITests" */ = {
			isa = XCConfigurationList;
			buildConfigurations = (
				FAFE5B731D5C5EC3005B787B /* Debug */,
				FAFE5B741D5C5EC3005B787B /* Release */,
			);
			defaultConfigurationIsVisible = 0;
		};
/* End XCConfigurationList section */
	};
	rootObject = FAFE5B3C1D5C5EC3005B787B /* Project object */;
}
